// !$*UTF8*$!
{
	archiveVersion = 1;
	classes = {
	};
	objectVersion = 50;
	objects = {

/* Begin PBXBuildFile section */
		1F1FEB2625878562005828A8 /* AppDelegate.swift in Sources */ = {isa = PBXBuildFile; fileRef = 1F1FEB2525878562005828A8 /* AppDelegate.swift */; };
		1F1FEB2825878562005828A8 /* SceneDelegate.swift in Sources */ = {isa = PBXBuildFile; fileRef = 1F1FEB2725878562005828A8 /* SceneDelegate.swift */; };
		1F1FEB2A25878562005828A8 /* MemeViewController.swift in Sources */ = {isa = PBXBuildFile; fileRef = 1F1FEB2925878562005828A8 /* MemeViewController.swift */; };
		1F1FEB2D25878562005828A8 /* Main.storyboard in Resources */ = {isa = PBXBuildFile; fileRef = 1F1FEB2B25878562005828A8 /* Main.storyboard */; };
		1F1FEB2F25878563005828A8 /* Assets.xcassets in Resources */ = {isa = PBXBuildFile; fileRef = 1F1FEB2E25878563005828A8 /* Assets.xcassets */; };
		1F1FEB3225878563005828A8 /* LaunchScreen.storyboard in Resources */ = {isa = PBXBuildFile; fileRef = 1F1FEB3025878563005828A8 /* LaunchScreen.storyboard */; };
		1F1FEB3C2587B9A1005828A8 /* Meme.swift in Sources */ = {isa = PBXBuildFile; fileRef = 1F1FEB3B2587B9A1005828A8 /* Meme.swift */; };
		1FB5E65925AC8F04003EABE8 /* MemeTableViewController.swift in Sources */ = {isa = PBXBuildFile; fileRef = 1FB5E65825AC8F04003EABE8 /* MemeTableViewController.swift */; };
		1FB5E65E25AC926F003EABE8 /* MemeTableCell.swift in Sources */ = {isa = PBXBuildFile; fileRef = 1FB5E65D25AC926F003EABE8 /* MemeTableCell.swift */; };
		1FB5E66225ACA457003EABE8 /* tabBarController.swift in Sources */ = {isa = PBXBuildFile; fileRef = 1FB5E66125ACA457003EABE8 /* tabBarController.swift */; };
		1FB5E66725ADE253003EABE8 /* MemeCollectionViewController.swift in Sources */ = {isa = PBXBuildFile; fileRef = 1FB5E66625ADE253003EABE8 /* MemeCollectionViewController.swift */; };
		1FB5E66A25ADE3C0003EABE8 /* MemeCollectionCell.swift in Sources */ = {isa = PBXBuildFile; fileRef = 1FB5E66925ADE3C0003EABE8 /* MemeCollectionCell.swift */; };
		1FD637822588E92A007F47D8 /* Impact.ttf in Resources */ = {isa = PBXBuildFile; fileRef = 1FD637812588E92A007F47D8 /* Impact.ttf */; };
		1FE8372925B5B4350090D5C1 /* MemeDetailViewController.swift in Sources */ = {isa = PBXBuildFile; fileRef = 1FE8372825B5B4350090D5C1 /* MemeDetailViewController.swift */; };
/* End PBXBuildFile section */

/* Begin PBXFileReference section */
		1F1FEB2225878562005828A8 /* MemeMe1.0 - Udacity-Nanodegree-Project-iOS-Developer.app */ = {isa = PBXFileReference; explicitFileType = wrapper.application; includeInIndex = 0; path = "MemeMe1.0 - Udacity-Nanodegree-Project-iOS-Developer.app"; sourceTree = BUILT_PRODUCTS_DIR; };
		1F1FEB2525878562005828A8 /* AppDelegate.swift */ = {isa = PBXFileReference; lastKnownFileType = sourcecode.swift; path = AppDelegate.swift; sourceTree = "<group>"; };
		1F1FEB2725878562005828A8 /* SceneDelegate.swift */ = {isa = PBXFileReference; lastKnownFileType = sourcecode.swift; path = SceneDelegate.swift; sourceTree = "<group>"; };
		1F1FEB2925878562005828A8 /* MemeViewController.swift */ = {isa = PBXFileReference; lastKnownFileType = sourcecode.swift; path = MemeViewController.swift; sourceTree = "<group>"; };
		1F1FEB2C25878562005828A8 /* Base */ = {isa = PBXFileReference; lastKnownFileType = file.storyboard; name = Base; path = Base.lproj/Main.storyboard; sourceTree = "<group>"; };
		1F1FEB2E25878563005828A8 /* Assets.xcassets */ = {isa = PBXFileReference; lastKnownFileType = folder.assetcatalog; path = Assets.xcassets; sourceTree = "<group>"; };
		1F1FEB3125878563005828A8 /* Base */ = {isa = PBXFileReference; lastKnownFileType = file.storyboard; name = Base; path = Base.lproj/LaunchScreen.storyboard; sourceTree = "<group>"; };
		1F1FEB3325878563005828A8 /* Info.plist */ = {isa = PBXFileReference; lastKnownFileType = text.plist.xml; path = Info.plist; sourceTree = "<group>"; };
		1F1FEB3B2587B9A1005828A8 /* Meme.swift */ = {isa = PBXFileReference; lastKnownFileType = sourcecode.swift; path = Meme.swift; sourceTree = "<group>"; };
		1FB5E65825AC8F04003EABE8 /* MemeTableViewController.swift */ = {isa = PBXFileReference; lastKnownFileType = sourcecode.swift; path = MemeTableViewController.swift; sourceTree = "<group>"; };
		1FB5E65D25AC926F003EABE8 /* MemeTableCell.swift */ = {isa = PBXFileReference; lastKnownFileType = sourcecode.swift; path = MemeTableCell.swift; sourceTree = "<group>"; };
		1FB5E66125ACA457003EABE8 /* tabBarController.swift */ = {isa = PBXFileReference; lastKnownFileType = sourcecode.swift; path = tabBarController.swift; sourceTree = "<group>"; };
		1FB5E66625ADE253003EABE8 /* MemeCollectionViewController.swift */ = {isa = PBXFileReference; lastKnownFileType = sourcecode.swift; path = MemeCollectionViewController.swift; sourceTree = "<group>"; };
		1FB5E66925ADE3C0003EABE8 /* MemeCollectionCell.swift */ = {isa = PBXFileReference; lastKnownFileType = sourcecode.swift; path = MemeCollectionCell.swift; sourceTree = "<group>"; };
		1FD637812588E92A007F47D8 /* Impact.ttf */ = {isa = PBXFileReference; lastKnownFileType = file; path = Impact.ttf; sourceTree = "<group>"; };
		1FE8372825B5B4350090D5C1 /* MemeDetailViewController.swift */ = {isa = PBXFileReference; lastKnownFileType = sourcecode.swift; path = MemeDetailViewController.swift; sourceTree = "<group>"; };
/* End PBXFileReference section */

/* Begin PBXFrameworksBuildPhase section */
		1F1FEB1F25878562005828A8 /* Frameworks */ = {
			isa = PBXFrameworksBuildPhase;
			buildActionMask = 2147483647;
			files = (
			);
			runOnlyForDeploymentPostprocessing = 0;
		};
/* End PBXFrameworksBuildPhase section */

/* Begin PBXGroup section */
		1F1FEB1925878562005828A8 = {
			isa = PBXGroup;
			children = (
				1F1FEB2425878562005828A8 /* MemeMe1.0 - Udacity-Nanodegree-Project-iOS-Developer */,
				1F1FEB2325878562005828A8 /* Products */,
			);
			sourceTree = "<group>";
		};
		1F1FEB2325878562005828A8 /* Products */ = {
			isa = PBXGroup;
			children = (
				1F1FEB2225878562005828A8 /* MemeMe1.0 - Udacity-Nanodegree-Project-iOS-Developer.app */,
			);
			name = Products;
			sourceTree = "<group>";
		};
		1F1FEB2425878562005828A8 /* MemeMe1.0 - Udacity-Nanodegree-Project-iOS-Developer */ = {
			isa = PBXGroup;
			children = (
				1F1FEB2525878562005828A8 /* AppDelegate.swift */,
				1F1FEB2725878562005828A8 /* SceneDelegate.swift */,
				1FB5E66425ADE1AF003EABE8 /* View Controllers */,
				1FB5E66525ADE1E2003EABE8 /* Model */,
				1FB5E66C25ADE6C6003EABE8 /* Cells */,
				1FB5E66125ACA457003EABE8 /* tabBarController.swift */,
				1F1FEB2B25878562005828A8 /* Main.storyboard */,
				1F1FEB2E25878563005828A8 /* Assets.xcassets */,
				1FD6377C2588E589007F47D8 /* Fonts */,
				1F1FEB3025878563005828A8 /* LaunchScreen.storyboard */,
				1F1FEB3325878563005828A8 /* Info.plist */,
			);
			path = "MemeMe1.0 - Udacity-Nanodegree-Project-iOS-Developer";
			sourceTree = "<group>";
		};
		1FB5E66425ADE1AF003EABE8 /* View Controllers */ = {
			isa = PBXGroup;
			children = (
				1F1FEB2925878562005828A8 /* MemeViewController.swift */,
				1FE8372825B5B4350090D5C1 /* MemeDetailViewController.swift */,
				1FB5E65825AC8F04003EABE8 /* MemeTableViewController.swift */,
				1FB5E66625ADE253003EABE8 /* MemeCollectionViewController.swift */,
			);
			path = "View Controllers";
			sourceTree = "<group>";
		};
		1FB5E66525ADE1E2003EABE8 /* Model */ = {
			isa = PBXGroup;
			children = (
				1F1FEB3B2587B9A1005828A8 /* Meme.swift */,
			);
			path = Model;
			sourceTree = "<group>";
		};
		1FB5E66C25ADE6C6003EABE8 /* Cells */ = {
			isa = PBXGroup;
			children = (
				1FB5E65D25AC926F003EABE8 /* MemeTableCell.swift */,
				1FB5E66925ADE3C0003EABE8 /* MemeCollectionCell.swift */,
			);
			path = Cells;
			sourceTree = "<group>";
		};
		1FD6377C2588E589007F47D8 /* Fonts */ = {
			isa = PBXGroup;
			children = (
				1FD637812588E92A007F47D8 /* Impact.ttf */,
			);
			path = Fonts;
			sourceTree = "<group>";
		};
/* End PBXGroup section */

/* Begin PBXNativeTarget section */
		1F1FEB2125878562005828A8 /* MemeMe1.0 - Udacity-Nanodegree-Project-iOS-Developer */ = {
			isa = PBXNativeTarget;
			buildConfigurationList = 1F1FEB3625878563005828A8 /* Build configuration list for PBXNativeTarget "MemeMe1.0 - Udacity-Nanodegree-Project-iOS-Developer" */;
			buildPhases = (
				1F1FEB1E25878562005828A8 /* Sources */,
				1F1FEB1F25878562005828A8 /* Frameworks */,
				1F1FEB2025878562005828A8 /* Resources */,
			);
			buildRules = (
			);
			dependencies = (
			);
			name = "MemeMe1.0 - Udacity-Nanodegree-Project-iOS-Developer";
			productName = "MemeMe1.0 - Udacity-Nanodegree-Project-iOS-Developer";
			productReference = 1F1FEB2225878562005828A8 /* MemeMe1.0 - Udacity-Nanodegree-Project-iOS-Developer.app */;
			productType = "com.apple.product-type.application";
		};
/* End PBXNativeTarget section */

/* Begin PBXProject section */
		1F1FEB1A25878562005828A8 /* Project object */ = {
			isa = PBXProject;
			attributes = {
				LastSwiftUpdateCheck = 1220;
				LastUpgradeCheck = 1220;
				TargetAttributes = {
					1F1FEB2125878562005828A8 = {
						CreatedOnToolsVersion = 12.2;
					};
				};
			};
			buildConfigurationList = 1F1FEB1D25878562005828A8 /* Build configuration list for PBXProject "MemeMe1.0 - Udacity-Nanodegree-Project-iOS-Developer" */;
			compatibilityVersion = "Xcode 9.3";
			developmentRegion = en;
			hasScannedForEncodings = 0;
			knownRegions = (
				en,
				Base,
			);
			mainGroup = 1F1FEB1925878562005828A8;
			productRefGroup = 1F1FEB2325878562005828A8 /* Products */;
			projectDirPath = "";
			projectRoot = "";
			targets = (
				1F1FEB2125878562005828A8 /* MemeMe1.0 - Udacity-Nanodegree-Project-iOS-Developer */,
			);
		};
/* End PBXProject section */

/* Begin PBXResourcesBuildPhase section */
		1F1FEB2025878562005828A8 /* Resources */ = {
			isa = PBXResourcesBuildPhase;
			buildActionMask = 2147483647;
			files = (
				1FD637822588E92A007F47D8 /* Impact.ttf in Resources */,
				1F1FEB3225878563005828A8 /* LaunchScreen.storyboard in Resources */,
				1F1FEB2F25878563005828A8 /* Assets.xcassets in Resources */,
				1F1FEB2D25878562005828A8 /* Main.storyboard in Resources */,
			);
			runOnlyForDeploymentPostprocessing = 0;
		};
/* End PBXResourcesBuildPhase section */

/* Begin PBXSourcesBuildPhase section */
		1F1FEB1E25878562005828A8 /* Sources */ = {
			isa = PBXSourcesBuildPhase;
			buildActionMask = 2147483647;
			files = (
				1FB5E66A25ADE3C0003EABE8 /* MemeCollectionCell.swift in Sources */,
				1FB5E65925AC8F04003EABE8 /* MemeTableViewController.swift in Sources */,
				1F1FEB2A25878562005828A8 /* MemeViewController.swift in Sources */,
				1F1FEB3C2587B9A1005828A8 /* Meme.swift in Sources */,
				1FB5E66225ACA457003EABE8 /* tabBarController.swift in Sources */,
				1FB5E66725ADE253003EABE8 /* MemeCollectionViewController.swift in Sources */,
				1FB5E65E25AC926F003EABE8 /* MemeTableCell.swift in Sources */,
				1F1FEB2625878562005828A8 /* AppDelegate.swift in Sources */,
				1F1FEB2825878562005828A8 /* SceneDelegate.swift in Sources */,
				1FE8372925B5B4350090D5C1 /* MemeDetailViewController.swift in Sources */,
			);
			runOnlyForDeploymentPostprocessing = 0;
		};
/* End PBXSourcesBuildPhase section */

/* Begin PBXVariantGroup section */
		1F1FEB2B25878562005828A8 /* Main.storyboard */ = {
			isa = PBXVariantGroup;
			children = (
				1F1FEB2C25878562005828A8 /* Base */,
			);
			name = Main.storyboard;
			sourceTree = "<group>";
		};
		1F1FEB3025878563005828A8 /* LaunchScreen.storyboard */ = {
			isa = PBXVariantGroup;
			children = (
				1F1FEB3125878563005828A8 /* Base */,
			);
			name = LaunchScreen.storyboard;
			sourceTree = "<group>";
		};
/* End PBXVariantGroup section */

/* Begin XCBuildConfiguration section */
		1F1FEB3425878563005828A8 /* Debug */ = {
			isa = XCBuildConfiguration;
			buildSettings = {
				ALWAYS_SEARCH_USER_PATHS = NO;
				CLANG_ANALYZER_NONNULL = YES;
				CLANG_ANALYZER_NUMBER_OBJECT_CONVERSION = YES_AGGRESSIVE;
				CLANG_CXX_LANGUAGE_STANDARD = "gnu++14";
				CLANG_CXX_LIBRARY = "libc++";
				CLANG_ENABLE_MODULES = YES;
				CLANG_ENABLE_OBJC_ARC = YES;
				CLANG_ENABLE_OBJC_WEAK = YES;
				CLANG_WARN_BLOCK_CAPTURE_AUTORELEASING = YES;
				CLANG_WARN_BOOL_CONVERSION = YES;
				CLANG_WARN_COMMA = YES;
				CLANG_WARN_CONSTANT_CONVERSION = YES;
				CLANG_WARN_DEPRECATED_OBJC_IMPLEMENTATIONS = YES;
				CLANG_WARN_DIRECT_OBJC_ISA_USAGE = YES_ERROR;
				CLANG_WARN_DOCUMENTATION_COMMENTS = YES;
				CLANG_WARN_EMPTY_BODY = YES;
				CLANG_WARN_ENUM_CONVERSION = YES;
				CLANG_WARN_INFINITE_RECURSION = YES;
				CLANG_WARN_INT_CONVERSION = YES;
				CLANG_WARN_NON_LITERAL_NULL_CONVERSION = YES;
				CLANG_WARN_OBJC_IMPLICIT_RETAIN_SELF = YES;
				CLANG_WARN_OBJC_LITERAL_CONVERSION = YES;
				CLANG_WARN_OBJC_ROOT_CLASS = YES_ERROR;
				CLANG_WARN_QUOTED_INCLUDE_IN_FRAMEWORK_HEADER = YES;
				CLANG_WARN_RANGE_LOOP_ANALYSIS = YES;
				CLANG_WARN_STRICT_PROTOTYPES = YES;
				CLANG_WARN_SUSPICIOUS_MOVE = YES;
				CLANG_WARN_UNGUARDED_AVAILABILITY = YES_AGGRESSIVE;
				CLANG_WARN_UNREACHABLE_CODE = YES;
				CLANG_WARN__DUPLICATE_METHOD_MATCH = YES;
				COPY_PHASE_STRIP = NO;
				DEBUG_INFORMATION_FORMAT = dwarf;
				ENABLE_STRICT_OBJC_MSGSEND = YES;
				ENABLE_TESTABILITY = YES;
				GCC_C_LANGUAGE_STANDARD = gnu11;
				GCC_DYNAMIC_NO_PIC = NO;
				GCC_NO_COMMON_BLOCKS = YES;
				GCC_OPTIMIZATION_LEVEL = 0;
				GCC_PREPROCESSOR_DEFINITIONS = (
					"DEBUG=1",
					"$(inherited)",
				);
				GCC_WARN_64_TO_32_BIT_CONVERSION = YES;
				GCC_WARN_ABOUT_RETURN_TYPE = YES_ERROR;
				GCC_WARN_UNDECLARED_SELECTOR = YES;
				GCC_WARN_UNINITIALIZED_AUTOS = YES_AGGRESSIVE;
				GCC_WARN_UNUSED_FUNCTION = YES;
				GCC_WARN_UNUSED_VARIABLE = YES;
				IPHONEOS_DEPLOYMENT_TARGET = 14.2;
				MTL_ENABLE_DEBUG_INFO = INCLUDE_SOURCE;
				MTL_FAST_MATH = YES;
				ONLY_ACTIVE_ARCH = YES;
				SDKROOT = iphoneos;
				SWIFT_ACTIVE_COMPILATION_CONDITIONS = DEBUG;
				SWIFT_OPTIMIZATION_LEVEL = "-Onone";
			};
			name = Debug;
		};
		1F1FEB3525878563005828A8 /* Release */ = {
			isa = XCBuildConfiguration;
			buildSettings = {
				ALWAYS_SEARCH_USER_PATHS = NO;
				CLANG_ANALYZER_NONNULL = YES;
				CLANG_ANALYZER_NUMBER_OBJECT_CONVERSION = YES_AGGRESSIVE;
				CLANG_CXX_LANGUAGE_STANDARD = "gnu++14";
				CLANG_CXX_LIBRARY = "libc++";
				CLANG_ENABLE_MODULES = YES;
				CLANG_ENABLE_OBJC_ARC = YES;
				CLANG_ENABLE_OBJC_WEAK = YES;
				CLANG_WARN_BLOCK_CAPTURE_AUTORELEASING = YES;
				CLANG_WARN_BOOL_CONVERSION = YES;
				CLANG_WARN_COMMA = YES;
				CLANG_WARN_CONSTANT_CONVERSION = YES;
				CLANG_WARN_DEPRECATED_OBJC_IMPLEMENTATIONS = YES;
				CLANG_WARN_DIRECT_OBJC_ISA_USAGE = YES_ERROR;
				CLANG_WARN_DOCUMENTATION_COMMENTS = YES;
				CLANG_WARN_EMPTY_BODY = YES;
				CLANG_WARN_ENUM_CONVERSION = YES;
				CLANG_WARN_INFINITE_RECURSION = YES;
				CLANG_WARN_INT_CONVERSION = YES;
				CLANG_WARN_NON_LITERAL_NULL_CONVERSION = YES;
				CLANG_WARN_OBJC_IMPLICIT_RETAIN_SELF = YES;
				CLANG_WARN_OBJC_LITERAL_CONVERSION = YES;
				CLANG_WARN_OBJC_ROOT_CLASS = YES_ERROR;
				CLANG_WARN_QUOTED_INCLUDE_IN_FRAMEWORK_HEADER = YES;
				CLANG_WARN_RANGE_LOOP_ANALYSIS = YES;
				CLANG_WARN_STRICT_PROTOTYPES = YES;
				CLANG_WARN_SUSPICIOUS_MOVE = YES;
				CLANG_WARN_UNGUARDED_AVAILABILITY = YES_AGGRESSIVE;
				CLANG_WARN_UNREACHABLE_CODE = YES;
				CLANG_WARN__DUPLICATE_METHOD_MATCH = YES;
				COPY_PHASE_STRIP = NO;
				DEBUG_INFORMATION_FORMAT = "dwarf-with-dsym";
				ENABLE_NS_ASSERTIONS = NO;
				ENABLE_STRICT_OBJC_MSGSEND = YES;
				GCC_C_LANGUAGE_STANDARD = gnu11;
				GCC_NO_COMMON_BLOCKS = YES;
				GCC_WARN_64_TO_32_BIT_CONVERSION = YES;
				GCC_WARN_ABOUT_RETURN_TYPE = YES_ERROR;
				GCC_WARN_UNDECLARED_SELECTOR = YES;
				GCC_WARN_UNINITIALIZED_AUTOS = YES_AGGRESSIVE;
				GCC_WARN_UNUSED_FUNCTION = YES;
				GCC_WARN_UNUSED_VARIABLE = YES;
				IPHONEOS_DEPLOYMENT_TARGET = 14.2;
				MTL_ENABLE_DEBUG_INFO = NO;
				MTL_FAST_MATH = YES;
				SDKROOT = iphoneos;
				SWIFT_COMPILATION_MODE = wholemodule;
				SWIFT_OPTIMIZATION_LEVEL = "-O";
				VALIDATE_PRODUCT = YES;
			};
			name = Release;
		};
		1F1FEB3725878563005828A8 /* Debug */ = {
			isa = XCBuildConfiguration;
			buildSettings = {
				ASSETCATALOG_COMPILER_APPICON_NAME = AppIcon;
				ASSETCATALOG_COMPILER_GLOBAL_ACCENT_COLOR_NAME = AccentColor;
				CODE_SIGN_STYLE = Automatic;
				DEVELOPMENT_TEAM = MVA5U2HB2L;
				INFOPLIST_FILE = "MemeMe1.0 - Udacity-Nanodegree-Project-iOS-Developer/Info.plist";
				LD_RUNPATH_SEARCH_PATHS = (
					"$(inherited)",
					"@executable_path/Frameworks",
				);
				PRODUCT_BUNDLE_IDENTIFIER = "com.matthewfolbigg.MemeMe1-0---Udacity-Nanodegree-Project-iOS-Developer";
				PRODUCT_NAME = "$(TARGET_NAME)";
				SWIFT_VERSION = 5.0;
				TARGETED_DEVICE_FAMILY = "1,2";
			};
			name = Debug;
		};
		1F1FEB3825878563005828A8 /* Release */ = {
			isa = XCBuildConfiguration;
			buildSettings = {
				ASSETCATALOG_COMPILER_APPICON_NAME = AppIcon;
				ASSETCATALOG_COMPILER_GLOBAL_ACCENT_COLOR_NAME = AccentColor;
				CODE_SIGN_STYLE = Automatic;
				DEVELOPMENT_TEAM = MVA5U2HB2L;
				INFOPLIST_FILE = "MemeMe1.0 - Udacity-Nanodegree-Project-iOS-Developer/Info.plist";
				LD_RUNPATH_SEARCH_PATHS = (
					"$(inherited)",
					"@executable_path/Frameworks",
				);
				PRODUCT_BUNDLE_IDENTIFIER = "com.matthewfolbigg.MemeMe1-0---Udacity-Nanodegree-Project-iOS-Developer";
				PRODUCT_NAME = "$(TARGET_NAME)";
				SWIFT_VERSION = 5.0;
				TARGETED_DEVICE_FAMILY = "1,2";
			};
			name = Release;
		};
/* End XCBuildConfiguration section */

/* Begin XCConfigurationList section */
		1F1FEB1D25878562005828A8 /* Build configuration list for PBXProject "MemeMe1.0 - Udacity-Nanodegree-Project-iOS-Developer" */ = {
			isa = XCConfigurationList;
			buildConfigurations = (
				1F1FEB3425878563005828A8 /* Debug */,
				1F1FEB3525878563005828A8 /* Release */,
			);
			defaultConfigurationIsVisible = 0;
			defaultConfigurationName = Release;
		};
		1F1FEB3625878563005828A8 /* Build configuration list for PBXNativeTarget "MemeMe1.0 - Udacity-Nanodegree-Project-iOS-Developer" */ = {
			isa = XCConfigurationList;
			buildConfigurations = (
				1F1FEB3725878563005828A8 /* Debug */,
				1F1FEB3825878563005828A8 /* Release */,
			);
			defaultConfigurationIsVisible = 0;
			defaultConfigurationName = Release;
		};
/* End XCConfigurationList section */
	};
	rootObject = 1F1FEB1A25878562005828A8 /* Project object */;
}
